// !$*UTF8*$!
{
	archiveVersion = 1;
	classes = {
	};
	objectVersion = 56;
	objects = {

/* Begin PBXBuildFile section */
		6BFE15372A9265360085E30B /* yc_AfricaApp.swift in Sources */ = {isa = PBXBuildFile; fileRef = 6BFE15362A9265360085E30B /* yc_AfricaApp.swift */; };
		6BFE15392A9265360085E30B /* ContentView.swift in Sources */ = {isa = PBXBuildFile; fileRef = 6BFE15382A9265360085E30B /* ContentView.swift */; };
		6BFE153B2A9265390085E30B /* Assets.xcassets in Resources */ = {isa = PBXBuildFile; fileRef = 6BFE153A2A9265390085E30B /* Assets.xcassets */; };
		6BFE153E2A9265390085E30B /* Preview Assets.xcassets in Resources */ = {isa = PBXBuildFile; fileRef = 6BFE153D2A9265390085E30B /* Preview Assets.xcassets */; };
		6BFE15602A9269120085E30B /* VideoListView.swift in Sources */ = {isa = PBXBuildFile; fileRef = 6BFE155F2A9269120085E30B /* VideoListView.swift */; };
		6BFE15622A9269250085E30B /* MapView.swift in Sources */ = {isa = PBXBuildFile; fileRef = 6BFE15612A9269250085E30B /* MapView.swift */; };
		6BFE15642A9269370085E30B /* GalleryView.swift in Sources */ = {isa = PBXBuildFile; fileRef = 6BFE15632A9269370085E30B /* GalleryView.swift */; };
		6BFE15662A9269470085E30B /* MainView.swift in Sources */ = {isa = PBXBuildFile; fileRef = 6BFE15652A9269470085E30B /* MainView.swift */; };
		6BFE15692A926ED80085E30B /* CoverImageView.swift in Sources */ = {isa = PBXBuildFile; fileRef = 6BFE15682A926ED80085E30B /* CoverImageView.swift */; };
		6BFE156C2A926F9D0085E30B /* CoverImageModel.swift in Sources */ = {isa = PBXBuildFile; fileRef = 6BFE156B2A926F9D0085E30B /* CoverImageModel.swift */; };
		6BFE156F2A9270190085E30B /* CodableBundleExtension.swift in Sources */ = {isa = PBXBuildFile; fileRef = 6BFE156E2A9270190085E30B /* CodableBundleExtension.swift */; };
		6BFE157E2A9272AA0085E30B /* locations.json in Resources */ = {isa = PBXBuildFile; fileRef = 6BFE157A2A9272AA0085E30B /* locations.json */; };
		6BFE157F2A9272AA0085E30B /* covers.json in Resources */ = {isa = PBXBuildFile; fileRef = 6BFE157B2A9272AA0085E30B /* covers.json */; };
		6BFE15802A9272AA0085E30B /* animals.json in Resources */ = {isa = PBXBuildFile; fileRef = 6BFE157C2A9272AA0085E30B /* animals.json */; };
		6BFE15812A9272AA0085E30B /* videos.json in Resources */ = {isa = PBXBuildFile; fileRef = 6BFE157D2A9272AA0085E30B /* videos.json */; };
		6BFE15832A927C660085E30B /* AnimalListItemView.swift in Sources */ = {isa = PBXBuildFile; fileRef = 6BFE15822A927C660085E30B /* AnimalListItemView.swift */; };
		6BFE15852A927DB00085E30B /* AnimalModel.swift in Sources */ = {isa = PBXBuildFile; fileRef = 6BFE15842A927DB00085E30B /* AnimalModel.swift */; };
		6BFE15872A927FFF0085E30B /* AnimalDetailView.swift in Sources */ = {isa = PBXBuildFile; fileRef = 6BFE15862A927FFF0085E30B /* AnimalDetailView.swift */; };
		6BFE15892A9282420085E30B /* HeadingView.swift in Sources */ = {isa = PBXBuildFile; fileRef = 6BFE15882A9282420085E30B /* HeadingView.swift */; };
		6BFE158B2A92833A0085E30B /* InsetGalleryView.swift in Sources */ = {isa = PBXBuildFile; fileRef = 6BFE158A2A92833A0085E30B /* InsetGalleryView.swift */; };
		6BFE158D2A9284DC0085E30B /* InsetFactView.swift in Sources */ = {isa = PBXBuildFile; fileRef = 6BFE158C2A9284DB0085E30B /* InsetFactView.swift */; };
		6BFE158F2A9286E90085E30B /* InsetMapView.swift in Sources */ = {isa = PBXBuildFile; fileRef = 6BFE158E2A9286E90085E30B /* InsetMapView.swift */; };
		6BFE15912A9289540085E30B /* ExternalWeblinkView.swift in Sources */ = {isa = PBXBuildFile; fileRef = 6BFE15902A9289540085E30B /* ExternalWeblinkView.swift */; };
		6BFE15932A93D0230085E30B /* VideoModel.swift in Sources */ = {isa = PBXBuildFile; fileRef = 6BFE15922A93D0230085E30B /* VideoModel.swift */; };
		6BFE15952A93D0810085E30B /* VideoListItemView.swift in Sources */ = {isa = PBXBuildFile; fileRef = 6BFE15942A93D0810085E30B /* VideoListItemView.swift */; };
		6BFE15972A93D4980085E30B /* VideoPlayerView.swift in Sources */ = {isa = PBXBuildFile; fileRef = 6BFE15962A93D4980085E30B /* VideoPlayerView.swift */; };
		6BFE15A32A93D5020085E30B /* lioness.mp4 in Resources */ = {isa = PBXBuildFile; fileRef = 6BFE15992A93D4FF0085E30B /* lioness.mp4 */; };
		6BFE15A42A93D5020085E30B /* rhino.mp4 in Resources */ = {isa = PBXBuildFile; fileRef = 6BFE159A2A93D4FF0085E30B /* rhino.mp4 */; };
		6BFE15A52A93D5020085E30B /* hippo.mp4 in Resources */ = {isa = PBXBuildFile; fileRef = 6BFE159B2A93D5000085E30B /* hippo.mp4 */; };
		6BFE15A62A93D5020085E30B /* lion.mp4 in Resources */ = {isa = PBXBuildFile; fileRef = 6BFE159C2A93D5000085E30B /* lion.mp4 */; };
		6BFE15A72A93D5020085E30B /* cheetah.mp4 in Resources */ = {isa = PBXBuildFile; fileRef = 6BFE159D2A93D5000085E30B /* cheetah.mp4 */; };
		6BFE15A82A93D5020085E30B /* ostrich.mp4 in Resources */ = {isa = PBXBuildFile; fileRef = 6BFE159E2A93D5000085E30B /* ostrich.mp4 */; };
		6BFE15A92A93D5020085E30B /* gorilla.mp4 in Resources */ = {isa = PBXBuildFile; fileRef = 6BFE159F2A93D5000085E30B /* gorilla.mp4 */; };
		6BFE15AA2A93D5020085E30B /* elephant.mp4 in Resources */ = {isa = PBXBuildFile; fileRef = 6BFE15A02A93D5010085E30B /* elephant.mp4 */; };
		6BFE15AB2A93D5020085E30B /* giraffe.mp4 in Resources */ = {isa = PBXBuildFile; fileRef = 6BFE15A12A93D5010085E30B /* giraffe.mp4 */; };
		6BFE15AC2A93D5020085E30B /* zebra.mp4 in Resources */ = {isa = PBXBuildFile; fileRef = 6BFE15A22A93D5020085E30B /* zebra.mp4 */; };
		6BFE15AF2A93D5510085E30B /* VideoPlayerHelper.swift in Sources */ = {isa = PBXBuildFile; fileRef = 6BFE15AE2A93D5510085E30B /* VideoPlayerHelper.swift */; };
		6BFE15B12A93D7FB0085E30B /* LocationModel.swift in Sources */ = {isa = PBXBuildFile; fileRef = 6BFE15B02A93D7FB0085E30B /* LocationModel.swift */; };
		6BFE15B32A93DAD40085E30B /* MapAnnotationView.swift in Sources */ = {isa = PBXBuildFile; fileRef = 6BFE15B22A93DAD40085E30B /* MapAnnotationView.swift */; };
/* End PBXBuildFile section */

/* Begin PBXFileReference section */
		6BFE15332A9265360085E30B /* yc_Africa.app */ = {isa = PBXFileReference; explicitFileType = wrapper.application; includeInIndex = 0; path = yc_Africa.app; sourceTree = BUILT_PRODUCTS_DIR; };
		6BFE15362A9265360085E30B /* yc_AfricaApp.swift */ = {isa = PBXFileReference; lastKnownFileType = sourcecode.swift; path = yc_AfricaApp.swift; sourceTree = "<group>"; };
		6BFE15382A9265360085E30B /* ContentView.swift */ = {isa = PBXFileReference; lastKnownFileType = sourcecode.swift; path = ContentView.swift; sourceTree = "<group>"; };
		6BFE153A2A9265390085E30B /* Assets.xcassets */ = {isa = PBXFileReference; lastKnownFileType = folder.assetcatalog; path = Assets.xcassets; sourceTree = "<group>"; };
		6BFE153D2A9265390085E30B /* Preview Assets.xcassets */ = {isa = PBXFileReference; lastKnownFileType = folder.assetcatalog; path = "Preview Assets.xcassets"; sourceTree = "<group>"; };
		6BFE155D2A9267EB0085E30B /* yc-Africa-Info.plist */ = {isa = PBXFileReference; lastKnownFileType = text.plist; path = "yc-Africa-Info.plist"; sourceTree = SOURCE_ROOT; };
		6BFE155F2A9269120085E30B /* VideoListView.swift */ = {isa = PBXFileReference; lastKnownFileType = sourcecode.swift; path = VideoListView.swift; sourceTree = "<group>"; };
		6BFE15612A9269250085E30B /* MapView.swift */ = {isa = PBXFileReference; lastKnownFileType = sourcecode.swift; path = MapView.swift; sourceTree = "<group>"; };
		6BFE15632A9269370085E30B /* GalleryView.swift */ = {isa = PBXFileReference; lastKnownFileType = sourcecode.swift; path = GalleryView.swift; sourceTree = "<group>"; };
		6BFE15652A9269470085E30B /* MainView.swift */ = {isa = PBXFileReference; lastKnownFileType = sourcecode.swift; path = MainView.swift; sourceTree = "<group>"; };
		6BFE15682A926ED80085E30B /* CoverImageView.swift */ = {isa = PBXFileReference; lastKnownFileType = sourcecode.swift; path = CoverImageView.swift; sourceTree = "<group>"; };
		6BFE156B2A926F9D0085E30B /* CoverImageModel.swift */ = {isa = PBXFileReference; lastKnownFileType = sourcecode.swift; path = CoverImageModel.swift; sourceTree = "<group>"; };
		6BFE156E2A9270190085E30B /* CodableBundleExtension.swift */ = {isa = PBXFileReference; lastKnownFileType = sourcecode.swift; path = CodableBundleExtension.swift; sourceTree = "<group>"; };
		6BFE157A2A9272AA0085E30B /* locations.json */ = {isa = PBXFileReference; fileEncoding = 4; lastKnownFileType = text.json; path = locations.json; sourceTree = "<group>"; };
		6BFE157B2A9272AA0085E30B /* covers.json */ = {isa = PBXFileReference; fileEncoding = 4; lastKnownFileType = text.json; path = covers.json; sourceTree = "<group>"; };
		6BFE157C2A9272AA0085E30B /* animals.json */ = {isa = PBXFileReference; fileEncoding = 4; lastKnownFileType = text.json; path = animals.json; sourceTree = "<group>"; };
		6BFE157D2A9272AA0085E30B /* videos.json */ = {isa = PBXFileReference; fileEncoding = 4; lastKnownFileType = text.json; path = videos.json; sourceTree = "<group>"; };
		6BFE15822A927C660085E30B /* AnimalListItemView.swift */ = {isa = PBXFileReference; lastKnownFileType = sourcecode.swift; path = AnimalListItemView.swift; sourceTree = "<group>"; };
		6BFE15842A927DB00085E30B /* AnimalModel.swift */ = {isa = PBXFileReference; lastKnownFileType = sourcecode.swift; path = AnimalModel.swift; sourceTree = "<group>"; };
		6BFE15862A927FFF0085E30B /* AnimalDetailView.swift */ = {isa = PBXFileReference; lastKnownFileType = sourcecode.swift; path = AnimalDetailView.swift; sourceTree = "<group>"; };
		6BFE15882A9282420085E30B /* HeadingView.swift */ = {isa = PBXFileReference; lastKnownFileType = sourcecode.swift; path = HeadingView.swift; sourceTree = "<group>"; };
		6BFE158A2A92833A0085E30B /* InsetGalleryView.swift */ = {isa = PBXFileReference; lastKnownFileType = sourcecode.swift; path = InsetGalleryView.swift; sourceTree = "<group>"; };
		6BFE158C2A9284DB0085E30B /* InsetFactView.swift */ = {isa = PBXFileReference; lastKnownFileType = sourcecode.swift; path = InsetFactView.swift; sourceTree = "<group>"; };
		6BFE158E2A9286E90085E30B /* InsetMapView.swift */ = {isa = PBXFileReference; lastKnownFileType = sourcecode.swift; path = InsetMapView.swift; sourceTree = "<group>"; };
		6BFE15902A9289540085E30B /* ExternalWeblinkView.swift */ = {isa = PBXFileReference; lastKnownFileType = sourcecode.swift; path = ExternalWeblinkView.swift; sourceTree = "<group>"; };
		6BFE15922A93D0230085E30B /* VideoModel.swift */ = {isa = PBXFileReference; lastKnownFileType = sourcecode.swift; path = VideoModel.swift; sourceTree = "<group>"; };
		6BFE15942A93D0810085E30B /* VideoListItemView.swift */ = {isa = PBXFileReference; lastKnownFileType = sourcecode.swift; path = VideoListItemView.swift; sourceTree = "<group>"; };
		6BFE15962A93D4980085E30B /* VideoPlayerView.swift */ = {isa = PBXFileReference; lastKnownFileType = sourcecode.swift; path = VideoPlayerView.swift; sourceTree = "<group>"; };
		6BFE15992A93D4FF0085E30B /* lioness.mp4 */ = {isa = PBXFileReference; lastKnownFileType = file; path = lioness.mp4; sourceTree = "<group>"; };
		6BFE159A2A93D4FF0085E30B /* rhino.mp4 */ = {isa = PBXFileReference; lastKnownFileType = file; path = rhino.mp4; sourceTree = "<group>"; };
		6BFE159B2A93D5000085E30B /* hippo.mp4 */ = {isa = PBXFileReference; lastKnownFileType = file; path = hippo.mp4; sourceTree = "<group>"; };
		6BFE159C2A93D5000085E30B /* lion.mp4 */ = {isa = PBXFileReference; lastKnownFileType = file; path = lion.mp4; sourceTree = "<group>"; };
		6BFE159D2A93D5000085E30B /* cheetah.mp4 */ = {isa = PBXFileReference; lastKnownFileType = file; path = cheetah.mp4; sourceTree = "<group>"; };
		6BFE159E2A93D5000085E30B /* ostrich.mp4 */ = {isa = PBXFileReference; lastKnownFileType = file; path = ostrich.mp4; sourceTree = "<group>"; };
		6BFE159F2A93D5000085E30B /* gorilla.mp4 */ = {isa = PBXFileReference; lastKnownFileType = file; path = gorilla.mp4; sourceTree = "<group>"; };
		6BFE15A02A93D5010085E30B /* elephant.mp4 */ = {isa = PBXFileReference; lastKnownFileType = file; path = elephant.mp4; sourceTree = "<group>"; };
		6BFE15A12A93D5010085E30B /* giraffe.mp4 */ = {isa = PBXFileReference; lastKnownFileType = file; path = giraffe.mp4; sourceTree = "<group>"; };
		6BFE15A22A93D5020085E30B /* zebra.mp4 */ = {isa = PBXFileReference; lastKnownFileType = file; path = zebra.mp4; sourceTree = "<group>"; };
		6BFE15AE2A93D5510085E30B /* VideoPlayerHelper.swift */ = {isa = PBXFileReference; lastKnownFileType = sourcecode.swift; path = VideoPlayerHelper.swift; sourceTree = "<group>"; };
		6BFE15B02A93D7FB0085E30B /* LocationModel.swift */ = {isa = PBXFileReference; lastKnownFileType = sourcecode.swift; path = LocationModel.swift; sourceTree = "<group>"; };
		6BFE15B22A93DAD40085E30B /* MapAnnotationView.swift */ = {isa = PBXFileReference; lastKnownFileType = sourcecode.swift; path = MapAnnotationView.swift; sourceTree = "<group>"; };
/* End PBXFileReference section */

/* Begin PBXFrameworksBuildPhase section */
		6BFE15302A9265360085E30B /* Frameworks */ = {
			isa = PBXFrameworksBuildPhase;
			buildActionMask = 2147483647;
			files = (
			);
			runOnlyForDeploymentPostprocessing = 0;
		};
/* End PBXFrameworksBuildPhase section */

/* Begin PBXGroup section */
		6BFE152A2A9265360085E30B = {
			isa = PBXGroup;
			children = (
				6BFE15352A9265360085E30B /* yc_Africa */,
				6BFE15342A9265360085E30B /* Products */,
			);
			sourceTree = "<group>";
		};
		6BFE15342A9265360085E30B /* Products */ = {
			isa = PBXGroup;
			children = (
				6BFE15332A9265360085E30B /* yc_Africa.app */,
			);
			name = Products;
			sourceTree = "<group>";
		};
		6BFE15352A9265360085E30B /* yc_Africa */ = {
			isa = PBXGroup;
			children = (
				6BFE15AD2A93D53B0085E30B /* Helper */,
				6BFE15982A93D4F20085E30B /* Video */,
				6BFE156D2A9270050085E30B /* Extension */,
				6BFE156A2A926F8F0085E30B /* Model */,
				6BFE15672A926ECC0085E30B /* View */,
				6BFE155D2A9267EB0085E30B /* yc-Africa-Info.plist */,
				6BFE15792A9272AA0085E30B /* Data */,
				6BFE155E2A9268D30085E30B /* App */,
				6BFE153A2A9265390085E30B /* Assets.xcassets */,
				6BFE153C2A9265390085E30B /* Preview Content */,
			);
			path = yc_Africa;
			sourceTree = "<group>";
		};
		6BFE153C2A9265390085E30B /* Preview Content */ = {
			isa = PBXGroup;
			children = (
				6BFE153D2A9265390085E30B /* Preview Assets.xcassets */,
			);
			path = "Preview Content";
			sourceTree = "<group>";
		};
		6BFE155E2A9268D30085E30B /* App */ = {
			isa = PBXGroup;
			children = (
				6BFE15362A9265360085E30B /* yc_AfricaApp.swift */,
				6BFE15382A9265360085E30B /* ContentView.swift */,
				6BFE155F2A9269120085E30B /* VideoListView.swift */,
				6BFE15612A9269250085E30B /* MapView.swift */,
				6BFE15632A9269370085E30B /* GalleryView.swift */,
				6BFE15652A9269470085E30B /* MainView.swift */,
			);
			path = App;
			sourceTree = "<group>";
		};
		6BFE15672A926ECC0085E30B /* View */ = {
			isa = PBXGroup;
			children = (
				6BFE15682A926ED80085E30B /* CoverImageView.swift */,
				6BFE15822A927C660085E30B /* AnimalListItemView.swift */,
				6BFE15862A927FFF0085E30B /* AnimalDetailView.swift */,
				6BFE15882A9282420085E30B /* HeadingView.swift */,
				6BFE158A2A92833A0085E30B /* InsetGalleryView.swift */,
				6BFE158C2A9284DB0085E30B /* InsetFactView.swift */,
				6BFE158E2A9286E90085E30B /* InsetMapView.swift */,
				6BFE15902A9289540085E30B /* ExternalWeblinkView.swift */,
				6BFE15942A93D0810085E30B /* VideoListItemView.swift */,
				6BFE15962A93D4980085E30B /* VideoPlayerView.swift */,
				6BFE15B22A93DAD40085E30B /* MapAnnotationView.swift */,
			);
			path = View;
			sourceTree = "<group>";
		};
		6BFE156A2A926F8F0085E30B /* Model */ = {
			isa = PBXGroup;
			children = (
				6BFE156B2A926F9D0085E30B /* CoverImageModel.swift */,
				6BFE15842A927DB00085E30B /* AnimalModel.swift */,
				6BFE15922A93D0230085E30B /* VideoModel.swift */,
				6BFE15B02A93D7FB0085E30B /* LocationModel.swift */,
			);
			path = Model;
			sourceTree = "<group>";
		};
		6BFE156D2A9270050085E30B /* Extension */ = {
			isa = PBXGroup;
			children = (
				6BFE156E2A9270190085E30B /* CodableBundleExtension.swift */,
			);
			path = Extension;
			sourceTree = "<group>";
		};
		6BFE15792A9272AA0085E30B /* Data */ = {
			isa = PBXGroup;
			children = (
				6BFE157A2A9272AA0085E30B /* locations.json */,
				6BFE157B2A9272AA0085E30B /* covers.json */,
				6BFE157C2A9272AA0085E30B /* animals.json */,
				6BFE157D2A9272AA0085E30B /* videos.json */,
			);
			path = Data;
			sourceTree = "<group>";
		};
		6BFE15982A93D4F20085E30B /* Video */ = {
			isa = PBXGroup;
			children = (
				6BFE159D2A93D5000085E30B /* cheetah.mp4 */,
				6BFE15A02A93D5010085E30B /* elephant.mp4 */,
				6BFE15A12A93D5010085E30B /* giraffe.mp4 */,
				6BFE159F2A93D5000085E30B /* gorilla.mp4 */,
				6BFE159B2A93D5000085E30B /* hippo.mp4 */,
				6BFE159C2A93D5000085E30B /* lion.mp4 */,
				6BFE15992A93D4FF0085E30B /* lioness.mp4 */,
				6BFE159E2A93D5000085E30B /* ostrich.mp4 */,
				6BFE159A2A93D4FF0085E30B /* rhino.mp4 */,
				6BFE15A22A93D5020085E30B /* zebra.mp4 */,
			);
			path = Video;
			sourceTree = "<group>";
		};
		6BFE15AD2A93D53B0085E30B /* Helper */ = {
			isa = PBXGroup;
			children = (
				6BFE15AE2A93D5510085E30B /* VideoPlayerHelper.swift */,
			);
			path = Helper;
			sourceTree = "<group>";
		};
/* End PBXGroup section */

/* Begin PBXNativeTarget section */
		6BFE15322A9265360085E30B /* yc_Africa */ = {
			isa = PBXNativeTarget;
			buildConfigurationList = 6BFE15412A9265390085E30B /* Build configuration list for PBXNativeTarget "yc_Africa" */;
			buildPhases = (
				6BFE152F2A9265360085E30B /* Sources */,
				6BFE15302A9265360085E30B /* Frameworks */,
				6BFE15312A9265360085E30B /* Resources */,
			);
			buildRules = (
			);
			dependencies = (
			);
			name = yc_Africa;
			productName = yc_Africa;
			productReference = 6BFE15332A9265360085E30B /* yc_Africa.app */;
			productType = "com.apple.product-type.application";
		};
/* End PBXNativeTarget section */

/* Begin PBXProject section */
		6BFE152B2A9265360085E30B /* Project object */ = {
			isa = PBXProject;
			attributes = {
				BuildIndependentTargetsInParallel = 1;
				LastSwiftUpdateCheck = 1430;
				LastUpgradeCheck = 1430;
				TargetAttributes = {
					6BFE15322A9265360085E30B = {
						CreatedOnToolsVersion = 14.3.1;
					};
				};
			};
			buildConfigurationList = 6BFE152E2A9265360085E30B /* Build configuration list for PBXProject "yc_Africa" */;
			compatibilityVersion = "Xcode 14.0";
			developmentRegion = en;
			hasScannedForEncodings = 0;
			knownRegions = (
				en,
				Base,
			);
			mainGroup = 6BFE152A2A9265360085E30B;
			productRefGroup = 6BFE15342A9265360085E30B /* Products */;
			projectDirPath = "";
			projectRoot = "";
			targets = (
				6BFE15322A9265360085E30B /* yc_Africa */,
			);
		};
/* End PBXProject section */

/* Begin PBXResourcesBuildPhase section */
		6BFE15312A9265360085E30B /* Resources */ = {
			isa = PBXResourcesBuildPhase;
			buildActionMask = 2147483647;
			files = (
				6BFE15A42A93D5020085E30B /* rhino.mp4 in Resources */,
				6BFE15A52A93D5020085E30B /* hippo.mp4 in Resources */,
				6BFE157F2A9272AA0085E30B /* covers.json in Resources */,
				6BFE15A62A93D5020085E30B /* lion.mp4 in Resources */,
				6BFE15AA2A93D5020085E30B /* elephant.mp4 in Resources */,
				6BFE153E2A9265390085E30B /* Preview Assets.xcassets in Resources */,
				6BFE15812A9272AA0085E30B /* videos.json in Resources */,
				6BFE15A82A93D5020085E30B /* ostrich.mp4 in Resources */,
				6BFE15802A9272AA0085E30B /* animals.json in Resources */,
				6BFE157E2A9272AA0085E30B /* locations.json in Resources */,
				6BFE15A32A93D5020085E30B /* lioness.mp4 in Resources */,
				6BFE153B2A9265390085E30B /* Assets.xcassets in Resources */,
				6BFE15AC2A93D5020085E30B /* zebra.mp4 in Resources */,
				6BFE15A92A93D5020085E30B /* gorilla.mp4 in Resources */,
				6BFE15A72A93D5020085E30B /* cheetah.mp4 in Resources */,
				6BFE15AB2A93D5020085E30B /* giraffe.mp4 in Resources */,
			);
			runOnlyForDeploymentPostprocessing = 0;
		};
/* End PBXResourcesBuildPhase section */

/* Begin PBXSourcesBuildPhase section */
		6BFE152F2A9265360085E30B /* Sources */ = {
			isa = PBXSourcesBuildPhase;
			buildActionMask = 2147483647;
			files = (
				6BFE15912A9289540085E30B /* ExternalWeblinkView.swift in Sources */,
				6BFE15392A9265360085E30B /* ContentView.swift in Sources */,
				6BFE15832A927C660085E30B /* AnimalListItemView.swift in Sources */,
				6BFE15662A9269470085E30B /* MainView.swift in Sources */,
				6BFE158D2A9284DC0085E30B /* InsetFactView.swift in Sources */,
				6BFE15692A926ED80085E30B /* CoverImageView.swift in Sources */,
				6BFE156C2A926F9D0085E30B /* CoverImageModel.swift in Sources */,
				6BFE15872A927FFF0085E30B /* AnimalDetailView.swift in Sources */,
				6BFE15852A927DB00085E30B /* AnimalModel.swift in Sources */,
				6BFE15622A9269250085E30B /* MapView.swift in Sources */,
				6BFE15AF2A93D5510085E30B /* VideoPlayerHelper.swift in Sources */,
				6BFE158F2A9286E90085E30B /* InsetMapView.swift in Sources */,
				6BFE15372A9265360085E30B /* yc_AfricaApp.swift in Sources */,
				6BFE15B32A93DAD40085E30B /* MapAnnotationView.swift in Sources */,
				6BFE15602A9269120085E30B /* VideoListView.swift in Sources */,
				6BFE15932A93D0230085E30B /* VideoModel.swift in Sources */,
				6BFE15642A9269370085E30B /* GalleryView.swift in Sources */,
				6BFE15B12A93D7FB0085E30B /* LocationModel.swift in Sources */,
				6BFE158B2A92833A0085E30B /* InsetGalleryView.swift in Sources */,
				6BFE15952A93D0810085E30B /* VideoListItemView.swift in Sources */,
				6BFE156F2A9270190085E30B /* CodableBundleExtension.swift in Sources */,
				6BFE15892A9282420085E30B /* HeadingView.swift in Sources */,
				6BFE15972A93D4980085E30B /* VideoPlayerView.swift in Sources */,
			);
			runOnlyForDeploymentPostprocessing = 0;
		};
/* End PBXSourcesBuildPhase section */

/* Begin XCBuildConfiguration section */
		6BFE153F2A9265390085E30B /* Debug */ = {
			isa = XCBuildConfiguration;
			buildSettings = {
				ALWAYS_SEARCH_USER_PATHS = NO;
				CLANG_ANALYZER_NONNULL = YES;
				CLANG_ANALYZER_NUMBER_OBJECT_CONVERSION = YES_AGGRESSIVE;
				CLANG_CXX_LANGUAGE_STANDARD = "gnu++20";
				CLANG_ENABLE_MODULES = YES;
				CLANG_ENABLE_OBJC_ARC = YES;
				CLANG_ENABLE_OBJC_WEAK = YES;
				CLANG_WARN_BLOCK_CAPTURE_AUTORELEASING = YES;
				CLANG_WARN_BOOL_CONVERSION = YES;
				CLANG_WARN_COMMA = YES;
				CLANG_WARN_CONSTANT_CONVERSION = YES;
				CLANG_WARN_DEPRECATED_OBJC_IMPLEMENTATIONS = YES;
				CLANG_WARN_DIRECT_OBJC_ISA_USAGE = YES_ERROR;
				CLANG_WARN_DOCUMENTATION_COMMENTS = YES;
				CLANG_WARN_EMPTY_BODY = YES;
				CLANG_WARN_ENUM_CONVERSION = YES;
				CLANG_WARN_INFINITE_RECURSION = YES;
				CLANG_WARN_INT_CONVERSION = YES;
				CLANG_WARN_NON_LITERAL_NULL_CONVERSION = YES;
				CLANG_WARN_OBJC_IMPLICIT_RETAIN_SELF = YES;
				CLANG_WARN_OBJC_LITERAL_CONVERSION = YES;
				CLANG_WARN_OBJC_ROOT_CLASS = YES_ERROR;
				CLANG_WARN_QUOTED_INCLUDE_IN_FRAMEWORK_HEADER = YES;
				CLANG_WARN_RANGE_LOOP_ANALYSIS = YES;
				CLANG_WARN_STRICT_PROTOTYPES = YES;
				CLANG_WARN_SUSPICIOUS_MOVE = YES;
				CLANG_WARN_UNGUARDED_AVAILABILITY = YES_AGGRESSIVE;
				CLANG_WARN_UNREACHABLE_CODE = YES;
				CLANG_WARN__DUPLICATE_METHOD_MATCH = YES;
				COPY_PHASE_STRIP = NO;
				DEBUG_INFORMATION_FORMAT = dwarf;
				ENABLE_STRICT_OBJC_MSGSEND = YES;
				ENABLE_TESTABILITY = YES;
				GCC_C_LANGUAGE_STANDARD = gnu11;
				GCC_DYNAMIC_NO_PIC = NO;
				GCC_NO_COMMON_BLOCKS = YES;
				GCC_OPTIMIZATION_LEVEL = 0;
				GCC_PREPROCESSOR_DEFINITIONS = (
					"DEBUG=1",
					"$(inherited)",
				);
				GCC_WARN_64_TO_32_BIT_CONVERSION = YES;
				GCC_WARN_ABOUT_RETURN_TYPE = YES_ERROR;
				GCC_WARN_UNDECLARED_SELECTOR = YES;
				GCC_WARN_UNINITIALIZED_AUTOS = YES_AGGRESSIVE;
				GCC_WARN_UNUSED_FUNCTION = YES;
				GCC_WARN_UNUSED_VARIABLE = YES;
				IPHONEOS_DEPLOYMENT_TARGET = 16.4;
				MTL_ENABLE_DEBUG_INFO = INCLUDE_SOURCE;
				MTL_FAST_MATH = YES;
				ONLY_ACTIVE_ARCH = YES;
				SDKROOT = iphoneos;
				SWIFT_ACTIVE_COMPILATION_CONDITIONS = DEBUG;
				SWIFT_OPTIMIZATION_LEVEL = "-Onone";
			};
			name = Debug;
		};
		6BFE15402A9265390085E30B /* Release */ = {
			isa = XCBuildConfiguration;
			buildSettings = {
				ALWAYS_SEARCH_USER_PATHS = NO;
				CLANG_ANALYZER_NONNULL = YES;
				CLANG_ANALYZER_NUMBER_OBJECT_CONVERSION = YES_AGGRESSIVE;
				CLANG_CXX_LANGUAGE_STANDARD = "gnu++20";
				CLANG_ENABLE_MODULES = YES;
				CLANG_ENABLE_OBJC_ARC = YES;
				CLANG_ENABLE_OBJC_WEAK = YES;
				CLANG_WARN_BLOCK_CAPTURE_AUTORELEASING = YES;
				CLANG_WARN_BOOL_CONVERSION = YES;
				CLANG_WARN_COMMA = YES;
				CLANG_WARN_CONSTANT_CONVERSION = YES;
				CLANG_WARN_DEPRECATED_OBJC_IMPLEMENTATIONS = YES;
				CLANG_WARN_DIRECT_OBJC_ISA_USAGE = YES_ERROR;
				CLANG_WARN_DOCUMENTATION_COMMENTS = YES;
				CLANG_WARN_EMPTY_BODY = YES;
				CLANG_WARN_ENUM_CONVERSION = YES;
				CLANG_WARN_INFINITE_RECURSION = YES;
				CLANG_WARN_INT_CONVERSION = YES;
				CLANG_WARN_NON_LITERAL_NULL_CONVERSION = YES;
				CLANG_WARN_OBJC_IMPLICIT_RETAIN_SELF = YES;
				CLANG_WARN_OBJC_LITERAL_CONVERSION = YES;
				CLANG_WARN_OBJC_ROOT_CLASS = YES_ERROR;
				CLANG_WARN_QUOTED_INCLUDE_IN_FRAMEWORK_HEADER = YES;
				CLANG_WARN_RANGE_LOOP_ANALYSIS = YES;
				CLANG_WARN_STRICT_PROTOTYPES = YES;
				CLANG_WARN_SUSPICIOUS_MOVE = YES;
				CLANG_WARN_UNGUARDED_AVAILABILITY = YES_AGGRESSIVE;
				CLANG_WARN_UNREACHABLE_CODE = YES;
				CLANG_WARN__DUPLICATE_METHOD_MATCH = YES;
				COPY_PHASE_STRIP = NO;
				DEBUG_INFORMATION_FORMAT = "dwarf-with-dsym";
				ENABLE_NS_ASSERTIONS = NO;
				ENABLE_STRICT_OBJC_MSGSEND = YES;
				GCC_C_LANGUAGE_STANDARD = gnu11;
				GCC_NO_COMMON_BLOCKS = YES;
				GCC_WARN_64_TO_32_BIT_CONVERSION = YES;
				GCC_WARN_ABOUT_RETURN_TYPE = YES_ERROR;
				GCC_WARN_UNDECLARED_SELECTOR = YES;
				GCC_WARN_UNINITIALIZED_AUTOS = YES_AGGRESSIVE;
				GCC_WARN_UNUSED_FUNCTION = YES;
				GCC_WARN_UNUSED_VARIABLE = YES;
				IPHONEOS_DEPLOYMENT_TARGET = 16.4;
				MTL_ENABLE_DEBUG_INFO = NO;
				MTL_FAST_MATH = YES;
				SDKROOT = iphoneos;
				SWIFT_COMPILATION_MODE = wholemodule;
				SWIFT_OPTIMIZATION_LEVEL = "-O";
				VALIDATE_PRODUCT = YES;
			};
			name = Release;
		};
		6BFE15422A9265390085E30B /* Debug */ = {
			isa = XCBuildConfiguration;
			buildSettings = {
				ASSETCATALOG_COMPILER_APPICON_NAME = AppIcon;
				ASSETCATALOG_COMPILER_GLOBAL_ACCENT_COLOR_NAME = AccentColor;
				CODE_SIGN_STYLE = Automatic;
				CURRENT_PROJECT_VERSION = 1;
				DEVELOPMENT_ASSET_PATHS = "\"yc_Africa/Preview Content\"";
				DEVELOPMENT_TEAM = TB9WF4459Q;
				ENABLE_PREVIEWS = YES;
				GENERATE_INFOPLIST_FILE = YES;
				INFOPLIST_FILE = "yc-Africa-Info.plist";
				INFOPLIST_KEY_UIApplicationSceneManifest_Generation = YES;
				INFOPLIST_KEY_UIApplicationSupportsIndirectInputEvents = YES;
				INFOPLIST_KEY_UISupportedInterfaceOrientations_iPad = "UIInterfaceOrientationPortrait UIInterfaceOrientationPortraitUpsideDown UIInterfaceOrientationLandscapeLeft UIInterfaceOrientationLandscapeRight";
				INFOPLIST_KEY_UISupportedInterfaceOrientations_iPhone = "UIInterfaceOrientationPortrait UIInterfaceOrientationLandscapeLeft UIInterfaceOrientationLandscapeRight";
				INFOPLIST_KEY_UIUserInterfaceStyle = Dark;
				LD_RUNPATH_SEARCH_PATHS = (
					"$(inherited)",
					"@executable_path/Frameworks",
				);
				MARKETING_VERSION = 1.0;
				PRODUCT_BUNDLE_IDENTIFIER = "YC.yc-Africa";
				PRODUCT_NAME = "$(TARGET_NAME)";
				SWIFT_EMIT_LOC_STRINGS = YES;
				SWIFT_VERSION = 5.0;
				TARGETED_DEVICE_FAMILY = "1,2";
			};
			name = Debug;
		};
		6BFE15432A9265390085E30B /* Release */ = {
			isa = XCBuildConfiguration;
			buildSettings = {
				ASSETCATALOG_COMPILER_APPICON_NAME = AppIcon;
				ASSETCATALOG_COMPILER_GLOBAL_ACCENT_COLOR_NAME = AccentColor;
				CODE_SIGN_STYLE = Automatic;
				CURRENT_PROJECT_VERSION = 1;
				DEVELOPMENT_ASSET_PATHS = "\"yc_Africa/Preview Content\"";
				DEVELOPMENT_TEAM = TB9WF4459Q;
				ENABLE_PREVIEWS = YES;
				GENERATE_INFOPLIST_FILE = YES;
				INFOPLIST_FILE = "yc-Africa-Info.plist";
				INFOPLIST_KEY_UIApplicationSceneManifest_Generation = YES;
				INFOPLIST_KEY_UIApplicationSupportsIndirectInputEvents = YES;
				INFOPLIST_KEY_UISupportedInterfaceOrientations_iPad = "UIInterfaceOrientationPortrait UIInterfaceOrientationPortraitUpsideDown UIInterfaceOrientationLandscapeLeft UIInterfaceOrientationLandscapeRight";
				INFOPLIST_KEY_UISupportedInterfaceOrientations_iPhone = "UIInterfaceOrientationPortrait UIInterfaceOrientationLandscapeLeft UIInterfaceOrientationLandscapeRight";
				INFOPLIST_KEY_UIUserInterfaceStyle = Dark;
				LD_RUNPATH_SEARCH_PATHS = (
					"$(inherited)",
					"@executable_path/Frameworks",
				);
				MARKETING_VERSION = 1.0;
				PRODUCT_BUNDLE_IDENTIFIER = "YC.yc-Africa";
				PRODUCT_NAME = "$(TARGET_NAME)";
				SWIFT_EMIT_LOC_STRINGS = YES;
				SWIFT_VERSION = 5.0;
				TARGETED_DEVICE_FAMILY = "1,2";
			};
			name = Release;
		};
/* End XCBuildConfiguration section */

/* Begin XCConfigurationList section */
		6BFE152E2A9265360085E30B /* Build configuration list for PBXProject "yc_Africa" */ = {
			isa = XCConfigurationList;
			buildConfigurations = (
				6BFE153F2A9265390085E30B /* Debug */,
				6BFE15402A9265390085E30B /* Release */,
			);
			defaultConfigurationIsVisible = 0;
			defaultConfigurationName = Release;
		};
		6BFE15412A9265390085E30B /* Build configuration list for PBXNativeTarget "yc_Africa" */ = {
			isa = XCConfigurationList;
			buildConfigurations = (
				6BFE15422A9265390085E30B /* Debug */,
				6BFE15432A9265390085E30B /* Release */,
			);
			defaultConfigurationIsVisible = 0;
			defaultConfigurationName = Release;
		};
/* End XCConfigurationList section */
	};
	rootObject = 6BFE152B2A9265360085E30B /* Project object */;
}
